
Microsoft Visual Studio Solution File, Format Version 12.00
# Visual Studio 14
VisualStudioVersion = 14.0.25420.1
MinimumVisualStudioVersion = 10.0.40219.1
Project("{FAE04EC0-301F-11D3-BF4B-00C04F79EFBC}") = "WarmSide.WebFace", "WarmSide.WebFace\WarmSide.WebFace.csproj", "{0BFD0E13-EC01-46C6-9976-9FE7861BA4D7}"
EndProject
Project("{FAE04EC0-301F-11D3-BF4B-00C04F79EFBC}") = "WarmSide.WebApi", "WarmSide.WebApi\WarmSide.WebApi.csproj", "{EE7E6B75-48DE-44C5-8030-02BAD9E04FA9}"
EndProject
Project("{FAE04EC0-301F-11D3-BF4B-00C04F79EFBC}") = "CityWeatherService.Interfaces", "CityWeatherService.Interfaces\CityWeatherService.Interfaces.csproj", "{D0988F79-CE1C-4249-9E85-6ED5EC2CD5EB}"
EndProject
Project("{FAE04EC0-301F-11D3-BF4B-00C04F79EFBC}") = "CityWeatherService.Services", "CityWeatherService.Services\CityWeatherService.Services.csproj", "{D8A66D8B-7693-4A21-B8EC-E26F03110159}"
EndProject
Project("{FAE04EC0-301F-11D3-BF4B-00C04F79EFBC}") = "CityWeatherService.DTO;", "CityWeatherService.DTO;\CityWeatherService.DTO;.csproj", "{D87870ED-7363-48E7-8C4B-8CC558EE5D89}"
EndProject
Project("{FAE04EC0-301F-11D3-BF4B-00C04F79EFBC}") = "CityWeatherService.Model", "CityWeatherService.Model\CityWeatherService.Model.csproj", "{9591F1A2-ECA4-4CA4-A811-A609CD645143}"
EndProject
Project("{FAE04EC0-301F-11D3-BF4B-00C04F79EFBC}") = "WarmSide.WebApi.DTO", "WarmSide.WebAPI.DTO\WarmSide.WebApi.DTO.csproj", "{91DF92DB-0864-483E-957A-AA65007E6C08}"
EndProject
Project("{FAE04EC0-301F-11D3-BF4B-00C04F79EFBC}") = "CityWeatherService.Tests", "CityWeatherService.Tests\CityWeatherService.Tests.csproj", "{B18C6C8C-B977-4FD3-BC2F-9105A5A9A07A}"
EndProject
Project("{FAE04EC0-301F-11D3-BF4B-00C04F79EFBC}") = "WarmSide.STS", "WarmSide.STS\WarmSide.STS.csproj", "{6219B7E9-F5B8-4826-933D-79C36AAE8B66}"
EndProject
Project("{FAE04EC0-301F-11D3-BF4B-00C04F79EFBC}") = "WarmSide.STS.DAL", "WarmSide.STS.DAL\WarmSide.STS.DAL.csproj", "{27164B21-552C-4474-AC18-49A747F165C8}"
EndProject
Project("{FAE04EC0-301F-11D3-BF4B-00C04F79EFBC}") = "WarmSide.STS.Interfaces", "WarmSide.STS.Interfaces\WarmSide.STS.Interfaces.csproj", "{32642F61-3053-452D-80B6-A81491D7C59B}"
EndProject
Project("{FAE04EC0-301F-11D3-BF4B-00C04F79EFBC}") = "WarmSide.STS.Model", "WarmSide.STS.Model\WarmSide.STS.Model.csproj", "{7B230639-6606-4B6E-AFD9-EBBFF0DD21C3}"
EndProject
Project("{2150E333-8FDC-42A3-9474-1A3956D46DE8}") = "STS", "STS", "{1CC10688-ED0C-46E3-99A2-22EAC28E3E0B}"
EndProject
Project("{2150E333-8FDC-42A3-9474-1A3956D46DE8}") = "CityWeatherService", "CityWeatherService", "{C631B9CD-19E3-448B-B25C-69A56B30321A}"
EndProject
Project("{2150E333-8FDC-42A3-9474-1A3956D46DE8}") = "WarmSide", "WarmSide", "{E5F0FCE8-AAB1-43FE-BA2A-BFE04DE91EDA}"
EndProject
Global
	GlobalSection(SolutionConfigurationPlatforms) = preSolution
		Debug|Any CPU = Debug|Any CPU
		Debug|ARM = Debug|ARM
		Debug|x64 = Debug|x64
		Debug|x86 = Debug|x86
		Release|Any CPU = Release|Any CPU
		Release|ARM = Release|ARM
		Release|x64 = Release|x64
		Release|x86 = Release|x86
	EndGlobalSection
	GlobalSection(ProjectConfigurationPlatforms) = postSolution
		{0BFD0E13-EC01-46C6-9976-9FE7861BA4D7}.Debug|Any CPU.ActiveCfg = Debug|Any CPU
		{0BFD0E13-EC01-46C6-9976-9FE7861BA4D7}.Debug|Any CPU.Build.0 = Debug|Any CPU
		{0BFD0E13-EC01-46C6-9976-9FE7861BA4D7}.Debug|ARM.ActiveCfg = Debug|Any CPU
		{0BFD0E13-EC01-46C6-9976-9FE7861BA4D7}.Debug|ARM.Build.0 = Debug|Any CPU
		{0BFD0E13-EC01-46C6-9976-9FE7861BA4D7}.Debug|x64.ActiveCfg = Debug|Any CPU
		{0BFD0E13-EC01-46C6-9976-9FE7861BA4D7}.Debug|x64.Build.0 = Debug|Any CPU
		{0BFD0E13-EC01-46C6-9976-9FE7861BA4D7}.Debug|x86.ActiveCfg = Debug|Any CPU
		{0BFD0E13-EC01-46C6-9976-9FE7861BA4D7}.Debug|x86.Build.0 = Debug|Any CPU
		{0BFD0E13-EC01-46C6-9976-9FE7861BA4D7}.Release|Any CPU.ActiveCfg = Release|Any CPU
		{0BFD0E13-EC01-46C6-9976-9FE7861BA4D7}.Release|Any CPU.Build.0 = Release|Any CPU
		{0BFD0E13-EC01-46C6-9976-9FE7861BA4D7}.Release|ARM.ActiveCfg = Release|Any CPU
		{0BFD0E13-EC01-46C6-9976-9FE7861BA4D7}.Release|ARM.Build.0 = Release|Any CPU
		{0BFD0E13-EC01-46C6-9976-9FE7861BA4D7}.Release|x64.ActiveCfg = Release|Any CPU
		{0BFD0E13-EC01-46C6-9976-9FE7861BA4D7}.Release|x64.Build.0 = Release|Any CPU
		{0BFD0E13-EC01-46C6-9976-9FE7861BA4D7}.Release|x86.ActiveCfg = Release|Any CPU
		{0BFD0E13-EC01-46C6-9976-9FE7861BA4D7}.Release|x86.Build.0 = Release|Any CPU
		{EE7E6B75-48DE-44C5-8030-02BAD9E04FA9}.Debug|Any CPU.ActiveCfg = Debug|Any CPU
		{EE7E6B75-48DE-44C5-8030-02BAD9E04FA9}.Debug|Any CPU.Build.0 = Debug|Any CPU
		{EE7E6B75-48DE-44C5-8030-02BAD9E04FA9}.Debug|ARM.ActiveCfg = Debug|Any CPU
		{EE7E6B75-48DE-44C5-8030-02BAD9E04FA9}.Debug|ARM.Build.0 = Debug|Any CPU
		{EE7E6B75-48DE-44C5-8030-02BAD9E04FA9}.Debug|x64.ActiveCfg = Debug|Any CPU
		{EE7E6B75-48DE-44C5-8030-02BAD9E04FA9}.Debug|x64.Build.0 = Debug|Any CPU
		{EE7E6B75-48DE-44C5-8030-02BAD9E04FA9}.Debug|x86.ActiveCfg = Debug|Any CPU
		{EE7E6B75-48DE-44C5-8030-02BAD9E04FA9}.Debug|x86.Build.0 = Debug|Any CPU
		{EE7E6B75-48DE-44C5-8030-02BAD9E04FA9}.Release|Any CPU.ActiveCfg = Release|Any CPU
		{EE7E6B75-48DE-44C5-8030-02BAD9E04FA9}.Release|Any CPU.Build.0 = Release|Any CPU
		{EE7E6B75-48DE-44C5-8030-02BAD9E04FA9}.Release|ARM.ActiveCfg = Release|Any CPU
		{EE7E6B75-48DE-44C5-8030-02BAD9E04FA9}.Release|ARM.Build.0 = Release|Any CPU
		{EE7E6B75-48DE-44C5-8030-02BAD9E04FA9}.Release|x64.ActiveCfg = Release|Any CPU
		{EE7E6B75-48DE-44C5-8030-02BAD9E04FA9}.Release|x64.Build.0 = Release|Any CPU
		{EE7E6B75-48DE-44C5-8030-02BAD9E04FA9}.Release|x86.ActiveCfg = Release|Any CPU
		{EE7E6B75-48DE-44C5-8030-02BAD9E04FA9}.Release|x86.Build.0 = Release|Any CPU
		{D0988F79-CE1C-4249-9E85-6ED5EC2CD5EB}.Debug|Any CPU.ActiveCfg = Debug|Any CPU
		{D0988F79-CE1C-4249-9E85-6ED5EC2CD5EB}.Debug|Any CPU.Build.0 = Debug|Any CPU
		{D0988F79-CE1C-4249-9E85-6ED5EC2CD5EB}.Debug|ARM.ActiveCfg = Debug|Any CPU
		{D0988F79-CE1C-4249-9E85-6ED5EC2CD5EB}.Debug|ARM.Build.0 = Debug|Any CPU
		{D0988F79-CE1C-4249-9E85-6ED5EC2CD5EB}.Debug|x64.ActiveCfg = Debug|Any CPU
		{D0988F79-CE1C-4249-9E85-6ED5EC2CD5EB}.Debug|x64.Build.0 = Debug|Any CPU
		{D0988F79-CE1C-4249-9E85-6ED5EC2CD5EB}.Debug|x86.ActiveCfg = Debug|Any CPU
		{D0988F79-CE1C-4249-9E85-6ED5EC2CD5EB}.Debug|x86.Build.0 = Debug|Any CPU
		{D0988F79-CE1C-4249-9E85-6ED5EC2CD5EB}.Release|Any CPU.ActiveCfg = Release|Any CPU
		{D0988F79-CE1C-4249-9E85-6ED5EC2CD5EB}.Release|Any CPU.Build.0 = Release|Any CPU
		{D0988F79-CE1C-4249-9E85-6ED5EC2CD5EB}.Release|ARM.ActiveCfg = Release|Any CPU
		{D0988F79-CE1C-4249-9E85-6ED5EC2CD5EB}.Release|ARM.Build.0 = Release|Any CPU
		{D0988F79-CE1C-4249-9E85-6ED5EC2CD5EB}.Release|x64.ActiveCfg = Release|Any CPU
		{D0988F79-CE1C-4249-9E85-6ED5EC2CD5EB}.Release|x64.Build.0 = Release|Any CPU
		{D0988F79-CE1C-4249-9E85-6ED5EC2CD5EB}.Release|x86.ActiveCfg = Release|Any CPU
		{D0988F79-CE1C-4249-9E85-6ED5EC2CD5EB}.Release|x86.Build.0 = Release|Any CPU
		{D8A66D8B-7693-4A21-B8EC-E26F03110159}.Debug|Any CPU.ActiveCfg = Debug|Any CPU
		{D8A66D8B-7693-4A21-B8EC-E26F03110159}.Debug|Any CPU.Build.0 = Debug|Any CPU
		{D8A66D8B-7693-4A21-B8EC-E26F03110159}.Debug|ARM.ActiveCfg = Debug|Any CPU
		{D8A66D8B-7693-4A21-B8EC-E26F03110159}.Debug|ARM.Build.0 = Debug|Any CPU
		{D8A66D8B-7693-4A21-B8EC-E26F03110159}.Debug|x64.ActiveCfg = Debug|Any CPU
		{D8A66D8B-7693-4A21-B8EC-E26F03110159}.Debug|x64.Build.0 = Debug|Any CPU
		{D8A66D8B-7693-4A21-B8EC-E26F03110159}.Debug|x86.ActiveCfg = Debug|Any CPU
		{D8A66D8B-7693-4A21-B8EC-E26F03110159}.Debug|x86.Build.0 = Debug|Any CPU
		{D8A66D8B-7693-4A21-B8EC-E26F03110159}.Release|Any CPU.ActiveCfg = Release|Any CPU
		{D8A66D8B-7693-4A21-B8EC-E26F03110159}.Release|Any CPU.Build.0 = Release|Any CPU
		{D8A66D8B-7693-4A21-B8EC-E26F03110159}.Release|ARM.ActiveCfg = Release|Any CPU
		{D8A66D8B-7693-4A21-B8EC-E26F03110159}.Release|ARM.Build.0 = Release|Any CPU
		{D8A66D8B-7693-4A21-B8EC-E26F03110159}.Release|x64.ActiveCfg = Release|Any CPU
		{D8A66D8B-7693-4A21-B8EC-E26F03110159}.Release|x64.Build.0 = Release|Any CPU
		{D8A66D8B-7693-4A21-B8EC-E26F03110159}.Release|x86.ActiveCfg = Release|Any CPU
		{D8A66D8B-7693-4A21-B8EC-E26F03110159}.Release|x86.Build.0 = Release|Any CPU
		{D87870ED-7363-48E7-8C4B-8CC558EE5D89}.Debug|Any CPU.ActiveCfg = Debug|Any CPU
		{D87870ED-7363-48E7-8C4B-8CC558EE5D89}.Debug|Any CPU.Build.0 = Debug|Any CPU
		{D87870ED-7363-48E7-8C4B-8CC558EE5D89}.Debug|Any CPU.Deploy.0 = Debug|Any CPU
		{D87870ED-7363-48E7-8C4B-8CC558EE5D89}.Debug|ARM.ActiveCfg = Debug|Any CPU
		{D87870ED-7363-48E7-8C4B-8CC558EE5D89}.Debug|ARM.Build.0 = Debug|Any CPU
		{D87870ED-7363-48E7-8C4B-8CC558EE5D89}.Debug|x64.ActiveCfg = Debug|Any CPU
		{D87870ED-7363-48E7-8C4B-8CC558EE5D89}.Debug|x64.Build.0 = Debug|Any CPU
		{D87870ED-7363-48E7-8C4B-8CC558EE5D89}.Debug|x86.ActiveCfg = Debug|Any CPU
		{D87870ED-7363-48E7-8C4B-8CC558EE5D89}.Debug|x86.Build.0 = Debug|Any CPU
		{D87870ED-7363-48E7-8C4B-8CC558EE5D89}.Release|Any CPU.ActiveCfg = Release|Any CPU
		{D87870ED-7363-48E7-8C4B-8CC558EE5D89}.Release|Any CPU.Build.0 = Release|Any CPU
		{D87870ED-7363-48E7-8C4B-8CC558EE5D89}.Release|ARM.ActiveCfg = Release|Any CPU
		{D87870ED-7363-48E7-8C4B-8CC558EE5D89}.Release|ARM.Build.0 = Release|Any CPU
		{D87870ED-7363-48E7-8C4B-8CC558EE5D89}.Release|x64.ActiveCfg = Release|Any CPU
		{D87870ED-7363-48E7-8C4B-8CC558EE5D89}.Release|x64.Build.0 = Release|Any CPU
		{D87870ED-7363-48E7-8C4B-8CC558EE5D89}.Release|x86.ActiveCfg = Release|Any CPU
		{D87870ED-7363-48E7-8C4B-8CC558EE5D89}.Release|x86.Build.0 = Release|Any CPU
		{9591F1A2-ECA4-4CA4-A811-A609CD645143}.Debug|Any CPU.ActiveCfg = Debug|Any CPU
		{9591F1A2-ECA4-4CA4-A811-A609CD645143}.Debug|Any CPU.Build.0 = Debug|Any CPU
		{9591F1A2-ECA4-4CA4-A811-A609CD645143}.Debug|ARM.ActiveCfg = Debug|Any CPU
		{9591F1A2-ECA4-4CA4-A811-A609CD645143}.Debug|ARM.Build.0 = Debug|Any CPU
		{9591F1A2-ECA4-4CA4-A811-A609CD645143}.Debug|x64.ActiveCfg = Debug|Any CPU
		{9591F1A2-ECA4-4CA4-A811-A609CD645143}.Debug|x64.Build.0 = Debug|Any CPU
		{9591F1A2-ECA4-4CA4-A811-A609CD645143}.Debug|x86.ActiveCfg = Debug|Any CPU
		{9591F1A2-ECA4-4CA4-A811-A609CD645143}.Debug|x86.Build.0 = Debug|Any CPU
		{9591F1A2-ECA4-4CA4-A811-A609CD645143}.Release|Any CPU.ActiveCfg = Release|Any CPU
		{9591F1A2-ECA4-4CA4-A811-A609CD645143}.Release|Any CPU.Build.0 = Release|Any CPU
		{9591F1A2-ECA4-4CA4-A811-A609CD645143}.Release|ARM.ActiveCfg = Release|Any CPU
		{9591F1A2-ECA4-4CA4-A811-A609CD645143}.Release|ARM.Build.0 = Release|Any CPU
		{9591F1A2-ECA4-4CA4-A811-A609CD645143}.Release|x64.ActiveCfg = Release|Any CPU
		{9591F1A2-ECA4-4CA4-A811-A609CD645143}.Release|x64.Build.0 = Release|Any CPU
		{9591F1A2-ECA4-4CA4-A811-A609CD645143}.Release|x86.ActiveCfg = Release|Any CPU
		{9591F1A2-ECA4-4CA4-A811-A609CD645143}.Release|x86.Build.0 = Release|Any CPU
		{91DF92DB-0864-483E-957A-AA65007E6C08}.Debug|Any CPU.ActiveCfg = Debug|Any CPU
		{91DF92DB-0864-483E-957A-AA65007E6C08}.Debug|Any CPU.Build.0 = Debug|Any CPU
		{91DF92DB-0864-483E-957A-AA65007E6C08}.Debug|ARM.ActiveCfg = Debug|Any CPU
		{91DF92DB-0864-483E-957A-AA65007E6C08}.Debug|ARM.Build.0 = Debug|Any CPU
		{91DF92DB-0864-483E-957A-AA65007E6C08}.Debug|x64.ActiveCfg = Debug|Any CPU
		{91DF92DB-0864-483E-957A-AA65007E6C08}.Debug|x64.Build.0 = Debug|Any CPU
		{91DF92DB-0864-483E-957A-AA65007E6C08}.Debug|x86.ActiveCfg = Debug|Any CPU
		{91DF92DB-0864-483E-957A-AA65007E6C08}.Debug|x86.Build.0 = Debug|Any CPU
		{91DF92DB-0864-483E-957A-AA65007E6C08}.Release|Any CPU.ActiveCfg = Release|Any CPU
		{91DF92DB-0864-483E-957A-AA65007E6C08}.Release|Any CPU.Build.0 = Release|Any CPU
		{91DF92DB-0864-483E-957A-AA65007E6C08}.Release|ARM.ActiveCfg = Release|Any CPU
		{91DF92DB-0864-483E-957A-AA65007E6C08}.Release|ARM.Build.0 = Release|Any CPU
		{91DF92DB-0864-483E-957A-AA65007E6C08}.Release|x64.ActiveCfg = Release|Any CPU
		{91DF92DB-0864-483E-957A-AA65007E6C08}.Release|x64.Build.0 = Release|Any CPU
		{91DF92DB-0864-483E-957A-AA65007E6C08}.Release|x86.ActiveCfg = Release|Any CPU
		{91DF92DB-0864-483E-957A-AA65007E6C08}.Release|x86.Build.0 = Release|Any CPU
		{B18C6C8C-B977-4FD3-BC2F-9105A5A9A07A}.Debug|Any CPU.ActiveCfg = Debug|Any CPU
		{B18C6C8C-B977-4FD3-BC2F-9105A5A9A07A}.Debug|Any CPU.Build.0 = Debug|Any CPU
		{B18C6C8C-B977-4FD3-BC2F-9105A5A9A07A}.Debug|ARM.ActiveCfg = Debug|Any CPU
		{B18C6C8C-B977-4FD3-BC2F-9105A5A9A07A}.Debug|ARM.Build.0 = Debug|Any CPU
		{B18C6C8C-B977-4FD3-BC2F-9105A5A9A07A}.Debug|x64.ActiveCfg = Debug|Any CPU
		{B18C6C8C-B977-4FD3-BC2F-9105A5A9A07A}.Debug|x64.Build.0 = Debug|Any CPU
		{B18C6C8C-B977-4FD3-BC2F-9105A5A9A07A}.Debug|x86.ActiveCfg = Debug|Any CPU
		{B18C6C8C-B977-4FD3-BC2F-9105A5A9A07A}.Debug|x86.Build.0 = Debug|Any CPU
		{B18C6C8C-B977-4FD3-BC2F-9105A5A9A07A}.Release|Any CPU.ActiveCfg = Release|Any CPU
		{B18C6C8C-B977-4FD3-BC2F-9105A5A9A07A}.Release|Any CPU.Build.0 = Release|Any CPU
		{B18C6C8C-B977-4FD3-BC2F-9105A5A9A07A}.Release|ARM.ActiveCfg = Release|Any CPU
		{B18C6C8C-B977-4FD3-BC2F-9105A5A9A07A}.Release|ARM.Build.0 = Release|Any CPU
		{B18C6C8C-B977-4FD3-BC2F-9105A5A9A07A}.Release|x64.ActiveCfg = Release|Any CPU
		{B18C6C8C-B977-4FD3-BC2F-9105A5A9A07A}.Release|x64.Build.0 = Release|Any CPU
		{B18C6C8C-B977-4FD3-BC2F-9105A5A9A07A}.Release|x86.ActiveCfg = Release|Any CPU
		{B18C6C8C-B977-4FD3-BC2F-9105A5A9A07A}.Release|x86.Build.0 = Release|Any CPU
		{6219B7E9-F5B8-4826-933D-79C36AAE8B66}.Debug|Any CPU.ActiveCfg = Debug|Any CPU
		{6219B7E9-F5B8-4826-933D-79C36AAE8B66}.Debug|Any CPU.Build.0 = Debug|Any CPU
		{6219B7E9-F5B8-4826-933D-79C36AAE8B66}.Debug|ARM.ActiveCfg = Debug|Any CPU
		{6219B7E9-F5B8-4826-933D-79C36AAE8B66}.Debug|ARM.Build.0 = Debug|Any CPU
		{6219B7E9-F5B8-4826-933D-79C36AAE8B66}.Debug|x64.ActiveCfg = Debug|Any CPU
		{6219B7E9-F5B8-4826-933D-79C36AAE8B66}.Debug|x64.Build.0 = Debug|Any CPU
		{6219B7E9-F5B8-4826-933D-79C36AAE8B66}.Debug|x86.ActiveCfg = Debug|Any CPU
		{6219B7E9-F5B8-4826-933D-79C36AAE8B66}.Debug|x86.Build.0 = Debug|Any CPU
		{6219B7E9-F5B8-4826-933D-79C36AAE8B66}.Release|Any CPU.ActiveCfg = Release|Any CPU
		{6219B7E9-F5B8-4826-933D-79C36AAE8B66}.Release|Any CPU.Build.0 = Release|Any CPU
		{6219B7E9-F5B8-4826-933D-79C36AAE8B66}.Release|ARM.ActiveCfg = Release|Any CPU
		{6219B7E9-F5B8-4826-933D-79C36AAE8B66}.Release|ARM.Build.0 = Release|Any CPU
		{6219B7E9-F5B8-4826-933D-79C36AAE8B66}.Release|x64.ActiveCfg = Release|Any CPU
		{6219B7E9-F5B8-4826-933D-79C36AAE8B66}.Release|x64.Build.0 = Release|Any CPU
		{6219B7E9-F5B8-4826-933D-79C36AAE8B66}.Release|x86.ActiveCfg = Release|Any CPU
		{6219B7E9-F5B8-4826-933D-79C36AAE8B66}.Release|x86.Build.0 = Release|Any CPU
		{27164B21-552C-4474-AC18-49A747F165C8}.Debug|Any CPU.ActiveCfg = Debug|Any CPU
		{27164B21-552C-4474-AC18-49A747F165C8}.Debug|Any CPU.Build.0 = Debug|Any CPU
		{27164B21-552C-4474-AC18-49A747F165C8}.Debug|ARM.ActiveCfg = Debug|Any CPU
		{27164B21-552C-4474-AC18-49A747F165C8}.Debug|ARM.Build.0 = Debug|Any CPU
		{27164B21-552C-4474-AC18-49A747F165C8}.Debug|x64.ActiveCfg = Debug|Any CPU
		{27164B21-552C-4474-AC18-49A747F165C8}.Debug|x64.Build.0 = Debug|Any CPU
		{27164B21-552C-4474-AC18-49A747F165C8}.Debug|x86.ActiveCfg = Debug|Any CPU
		{27164B21-552C-4474-AC18-49A747F165C8}.Debug|x86.Build.0 = Debug|Any CPU
		{27164B21-552C-4474-AC18-49A747F165C8}.Release|Any CPU.ActiveCfg = Release|Any CPU
		{27164B21-552C-4474-AC18-49A747F165C8}.Release|Any CPU.Build.0 = Release|Any CPU
		{27164B21-552C-4474-AC18-49A747F165C8}.Release|ARM.ActiveCfg = Release|Any CPU
		{27164B21-552C-4474-AC18-49A747F165C8}.Release|ARM.Build.0 = Release|Any CPU
		{27164B21-552C-4474-AC18-49A747F165C8}.Release|x64.ActiveCfg = Release|Any CPU
		{27164B21-552C-4474-AC18-49A747F165C8}.Release|x64.Build.0 = Release|Any CPU
		{27164B21-552C-4474-AC18-49A747F165C8}.Release|x86.ActiveCfg = Release|Any CPU
		{27164B21-552C-4474-AC18-49A747F165C8}.Release|x86.Build.0 = Release|Any CPU
		{32642F61-3053-452D-80B6-A81491D7C59B}.Debug|Any CPU.ActiveCfg = Debug|Any CPU
		{32642F61-3053-452D-80B6-A81491D7C59B}.Debug|Any CPU.Build.0 = Debug|Any CPU
		{32642F61-3053-452D-80B6-A81491D7C59B}.Debug|ARM.ActiveCfg = Debug|Any CPU
		{32642F61-3053-452D-80B6-A81491D7C59B}.Debug|ARM.Build.0 = Debug|Any CPU
		{32642F61-3053-452D-80B6-A81491D7C59B}.Debug|x64.ActiveCfg = Debug|Any CPU
		{32642F61-3053-452D-80B6-A81491D7C59B}.Debug|x64.Build.0 = Debug|Any CPU
		{32642F61-3053-452D-80B6-A81491D7C59B}.Debug|x86.ActiveCfg = Debug|Any CPU
		{32642F61-3053-452D-80B6-A81491D7C59B}.Debug|x86.Build.0 = Debug|Any CPU
		{32642F61-3053-452D-80B6-A81491D7C59B}.Release|Any CPU.ActiveCfg = Release|Any CPU
		{32642F61-3053-452D-80B6-A81491D7C59B}.Release|Any CPU.Build.0 = Release|Any CPU
		{32642F61-3053-452D-80B6-A81491D7C59B}.Release|ARM.ActiveCfg = Release|Any CPU
		{32642F61-3053-452D-80B6-A81491D7C59B}.Release|ARM.Build.0 = Release|Any CPU
		{32642F61-3053-452D-80B6-A81491D7C59B}.Release|x64.ActiveCfg = Release|Any CPU
		{32642F61-3053-452D-80B6-A81491D7C59B}.Release|x64.Build.0 = Release|Any CPU
		{32642F61-3053-452D-80B6-A81491D7C59B}.Release|x86.ActiveCfg = Release|Any CPU
		{32642F61-3053-452D-80B6-A81491D7C59B}.Release|x86.Build.0 = Release|Any CPU
		{7B230639-6606-4B6E-AFD9-EBBFF0DD21C3}.Debug|Any CPU.ActiveCfg = Debug|Any CPU
		{7B230639-6606-4B6E-AFD9-EBBFF0DD21C3}.Debug|Any CPU.Build.0 = Debug|Any CPU
		{7B230639-6606-4B6E-AFD9-EBBFF0DD21C3}.Debug|ARM.ActiveCfg = Debug|Any CPU
		{7B230639-6606-4B6E-AFD9-EBBFF0DD21C3}.Debug|ARM.Build.0 = Debug|Any CPU
		{7B230639-6606-4B6E-AFD9-EBBFF0DD21C3}.Debug|x64.ActiveCfg = Debug|Any CPU
		{7B230639-6606-4B6E-AFD9-EBBFF0DD21C3}.Debug|x64.Build.0 = Debug|Any CPU
		{7B230639-6606-4B6E-AFD9-EBBFF0DD21C3}.Debug|x86.ActiveCfg = Debug|Any CPU
		{7B230639-6606-4B6E-AFD9-EBBFF0DD21C3}.Debug|x86.Build.0 = Debug|Any CPU
		{7B230639-6606-4B6E-AFD9-EBBFF0DD21C3}.Release|Any CPU.ActiveCfg = Release|Any CPU
		{7B230639-6606-4B6E-AFD9-EBBFF0DD21C3}.Release|Any CPU.Build.0 = Release|Any CPU
		{7B230639-6606-4B6E-AFD9-EBBFF0DD21C3}.Release|ARM.ActiveCfg = Release|Any CPU
		{7B230639-6606-4B6E-AFD9-EBBFF0DD21C3}.Release|ARM.Build.0 = Release|Any CPU
		{7B230639-6606-4B6E-AFD9-EBBFF0DD21C3}.Release|x64.ActiveCfg = Release|Any CPU
		{7B230639-6606-4B6E-AFD9-EBBFF0DD21C3}.Release|x64.Build.0 = Release|Any CPU
		{7B230639-6606-4B6E-AFD9-EBBFF0DD21C3}.Release|x86.ActiveCfg = Release|Any CPU
		{7B230639-6606-4B6E-AFD9-EBBFF0DD21C3}.Release|x86.Build.0 = Release|Any CPU
	EndGlobalSection
	GlobalSection(SolutionProperties) = preSolution
		HideSolutionNode = FALSE
	EndGlobalSection
	GlobalSection(NestedProjects) = preSolution
		{0BFD0E13-EC01-46C6-9976-9FE7861BA4D7} = {E5F0FCE8-AAB1-43FE-BA2A-BFE04DE91EDA}
		{EE7E6B75-48DE-44C5-8030-02BAD9E04FA9} = {E5F0FCE8-AAB1-43FE-BA2A-BFE04DE91EDA}
		{D0988F79-CE1C-4249-9E85-6ED5EC2CD5EB} = {C631B9CD-19E3-448B-B25C-69A56B30321A}
		{D8A66D8B-7693-4A21-B8EC-E26F03110159} = {C631B9CD-19E3-448B-B25C-69A56B30321A}
		{D87870ED-7363-48E7-8C4B-8CC558EE5D89} = {C631B9CD-19E3-448B-B25C-69A56B30321A}
		{9591F1A2-ECA4-4CA4-A811-A609CD645143} = {C631B9CD-19E3-448B-B25C-69A56B30321A}
		{91DF92DB-0864-483E-957A-AA65007E6C08} = {E5F0FCE8-AAB1-43FE-BA2A-BFE04DE91EDA}
		{B18C6C8C-B977-4FD3-BC2F-9105A5A9A07A} = {C631B9CD-19E3-448B-B25C-69A56B30321A}
		{6219B7E9-F5B8-4826-933D-79C36AAE8B66} = {1CC10688-ED0C-46E3-99A2-22EAC28E3E0B}
		{27164B21-552C-4474-AC18-49A747F165C8} = {1CC10688-ED0C-46E3-99A2-22EAC28E3E0B}
		{32642F61-3053-452D-80B6-A81491D7C59B} = {1CC10688-ED0C-46E3-99A2-22EAC28E3E0B}
		{7B230639-6606-4B6E-AFD9-EBBFF0DD21C3} = {1CC10688-ED0C-46E3-99A2-22EAC28E3E0B}
	EndGlobalSection
EndGlobal
